// !$*UTF8*$!
{
	archiveVersion = 1;
	classes = {
	};
	objectVersion = 55;
	objects = {

/* Begin PBXBuildFile section */
		6C0901EF2840C6A1002B1243 /* AppDelegate.swift in Sources */ = {isa = PBXBuildFile; fileRef = 6C0901EE2840C6A1002B1243 /* AppDelegate.swift */; };
		6C0901F12840C6A1002B1243 /* SceneDelegate.swift in Sources */ = {isa = PBXBuildFile; fileRef = 6C0901F02840C6A1002B1243 /* SceneDelegate.swift */; };
		6C0901F32840C6A1002B1243 /* ViewController.swift in Sources */ = {isa = PBXBuildFile; fileRef = 6C0901F22840C6A1002B1243 /* ViewController.swift */; };
		6C0901F62840C6A1002B1243 /* Main.storyboard in Resources */ = {isa = PBXBuildFile; fileRef = 6C0901F42840C6A1002B1243 /* Main.storyboard */; };
		6C0901F82840C6A3002B1243 /* Assets.xcassets in Resources */ = {isa = PBXBuildFile; fileRef = 6C0901F72840C6A3002B1243 /* Assets.xcassets */; };
		6C0901FB2840C6A3002B1243 /* LaunchScreen.storyboard in Resources */ = {isa = PBXBuildFile; fileRef = 6C0901F92840C6A3002B1243 /* LaunchScreen.storyboard */; };
		6C0902062840C6A4002B1243 /* NYTimesNewsTests.swift in Sources */ = {isa = PBXBuildFile; fileRef = 6C0902052840C6A4002B1243 /* NYTimesNewsTests.swift */; };
		6C0902102840C6A4002B1243 /* NYTimesNewsUITests.swift in Sources */ = {isa = PBXBuildFile; fileRef = 6C09020F2840C6A4002B1243 /* NYTimesNewsUITests.swift */; };
		6C0902122840C6A4002B1243 /* NYTimesNewsUITestsLaunchTests.swift in Sources */ = {isa = PBXBuildFile; fileRef = 6C0902112840C6A4002B1243 /* NYTimesNewsUITestsLaunchTests.swift */; };
		6C80823F28448AFB001943F7 /* NYTimesNewsApi.framework in Frameworks */ = {isa = PBXBuildFile; fileRef = 6C80823E28448AFB001943F7 /* NYTimesNewsApi.framework */; };
		6C80824028448AFB001943F7 /* NYTimesNewsApi.framework in Embed Frameworks */ = {isa = PBXBuildFile; fileRef = 6C80823E28448AFB001943F7 /* NYTimesNewsApi.framework */; settings = {ATTRIBUTES = (CodeSignOnCopy, RemoveHeadersOnCopy, ); }; };
		6C8082682845B4AE001943F7 /* NewsListPresenter.swift in Sources */ = {isa = PBXBuildFile; fileRef = 6C8082622845B4AE001943F7 /* NewsListPresenter.swift */; };
		6C80826A2845B4AE001943F7 /* NewsListRouter.swift in Sources */ = {isa = PBXBuildFile; fileRef = 6C8082642845B4AE001943F7 /* NewsListRouter.swift */; };
		6C80826B2845B4AE001943F7 /* NewsListModels.swift in Sources */ = {isa = PBXBuildFile; fileRef = 6C8082652845B4AE001943F7 /* NewsListModels.swift */; };
		6C80826C2845B4AE001943F7 /* NewsListViewController.swift in Sources */ = {isa = PBXBuildFile; fileRef = 6C8082662845B4AE001943F7 /* NewsListViewController.swift */; };
		6C80826D2845B4AE001943F7 /* NewsListInteractor.swift in Sources */ = {isa = PBXBuildFile; fileRef = 6C8082672845B4AE001943F7 /* NewsListInteractor.swift */; };
		6C8082712845CD2A001943F7 /* Constants.swift in Sources */ = {isa = PBXBuildFile; fileRef = 6C8082702845CD2A001943F7 /* Constants.swift */; };
		6CE86F642846F5A2004D5AA5 /* AppConstantsTests.swift in Sources */ = {isa = PBXBuildFile; fileRef = 6CE86F632846F5A2004D5AA5 /* AppConstantsTests.swift */; };
		6CE86F682846F6A5004D5AA5 /* MockNewsApiService.swift in Sources */ = {isa = PBXBuildFile; fileRef = 6CE86F672846F6A5004D5AA5 /* MockNewsApiService.swift */; };
		6CE86F6D2846F8CC004D5AA5 /* top_news_valid_response.json in Resources */ = {isa = PBXBuildFile; fileRef = 6CE86F6C2846F8CC004D5AA5 /* top_news_valid_response.json */; };
		6CE86F702846FBD6004D5AA5 /* NewsListInteractorTests.swift in Sources */ = {isa = PBXBuildFile; fileRef = 6CE86F6F2846FBD6004D5AA5 /* NewsListInteractorTests.swift */; };
		6CE86F722846FD14004D5AA5 /* MockNewsListPresenter.swift in Sources */ = {isa = PBXBuildFile; fileRef = 6CE86F712846FD14004D5AA5 /* MockNewsListPresenter.swift */; };
		6CE86F74284704AE004D5AA5 /* NewsListViewControllerTests.swift in Sources */ = {isa = PBXBuildFile; fileRef = 6CE86F73284704AE004D5AA5 /* NewsListViewControllerTests.swift */; };
		6CE86F76284707C8004D5AA5 /* MockNewsListInteractor.swift in Sources */ = {isa = PBXBuildFile; fileRef = 6CE86F75284707C8004D5AA5 /* MockNewsListInteractor.swift */; };
		6CE86F7B28473645004D5AA5 /* Localizable.strings in Resources */ = {isa = PBXBuildFile; fileRef = 6CE86F7D28473645004D5AA5 /* Localizable.strings */; };
		6CE86F7F284739CB004D5AA5 /* MockNewsListViewController.swift in Sources */ = {isa = PBXBuildFile; fileRef = 6CE86F7E284739CB004D5AA5 /* MockNewsListViewController.swift */; };
		6CE86F8128473B4C004D5AA5 /* NewsListPresenterTests.swift in Sources */ = {isa = PBXBuildFile; fileRef = 6CE86F8028473B4C004D5AA5 /* NewsListPresenterTests.swift */; };
		6CE86F8328474DD8004D5AA5 /* NewsTableViewCell.swift in Sources */ = {isa = PBXBuildFile; fileRef = 6CE86F8228474DD8004D5AA5 /* NewsTableViewCell.swift */; };
		6CE86FF22847CD3C004D5AA5 /* SDWebImage in Frameworks */ = {isa = PBXBuildFile; productRef = 6CE86FF12847CD3C004D5AA5 /* SDWebImage */; };
/* End PBXBuildFile section */

/* Begin PBXContainerItemProxy section */
		6C0902022840C6A4002B1243 /* PBXContainerItemProxy */ = {
			isa = PBXContainerItemProxy;
			containerPortal = 6C0901E32840C6A1002B1243 /* Project object */;
			proxyType = 1;
			remoteGlobalIDString = 6C0901EA2840C6A1002B1243;
			remoteInfo = NYTimesNews;
		};
		6C09020C2840C6A4002B1243 /* PBXContainerItemProxy */ = {
			isa = PBXContainerItemProxy;
			containerPortal = 6C0901E32840C6A1002B1243 /* Project object */;
			proxyType = 1;
			remoteGlobalIDString = 6C0901EA2840C6A1002B1243;
			remoteInfo = NYTimesNews;
		};
/* End PBXContainerItemProxy section */

/* Begin PBXCopyFilesBuildPhase section */
		6C80824128448AFC001943F7 /* Embed Frameworks */ = {
			isa = PBXCopyFilesBuildPhase;
			buildActionMask = 2147483647;
			dstPath = "";
			dstSubfolderSpec = 10;
			files = (
				6C80824028448AFB001943F7 /* NYTimesNewsApi.framework in Embed Frameworks */,
			);
			name = "Embed Frameworks";
			runOnlyForDeploymentPostprocessing = 0;
		};
/* End PBXCopyFilesBuildPhase section */

/* Begin PBXFileReference section */
		6C0901EB2840C6A1002B1243 /* NYTimesNews.app */ = {isa = PBXFileReference; explicitFileType = wrapper.application; includeInIndex = 0; path = NYTimesNews.app; sourceTree = BUILT_PRODUCTS_DIR; };
		6C0901EE2840C6A1002B1243 /* AppDelegate.swift */ = {isa = PBXFileReference; lastKnownFileType = sourcecode.swift; path = AppDelegate.swift; sourceTree = "<group>"; };
		6C0901F02840C6A1002B1243 /* SceneDelegate.swift */ = {isa = PBXFileReference; lastKnownFileType = sourcecode.swift; path = SceneDelegate.swift; sourceTree = "<group>"; };
		6C0901F22840C6A1002B1243 /* ViewController.swift */ = {isa = PBXFileReference; lastKnownFileType = sourcecode.swift; path = ViewController.swift; sourceTree = "<group>"; };
		6C0901F52840C6A1002B1243 /* Base */ = {isa = PBXFileReference; lastKnownFileType = file.storyboard; name = Base; path = Base.lproj/Main.storyboard; sourceTree = "<group>"; };
		6C0901F72840C6A3002B1243 /* Assets.xcassets */ = {isa = PBXFileReference; lastKnownFileType = folder.assetcatalog; path = Assets.xcassets; sourceTree = "<group>"; };
		6C0901FA2840C6A3002B1243 /* Base */ = {isa = PBXFileReference; lastKnownFileType = file.storyboard; name = Base; path = Base.lproj/LaunchScreen.storyboard; sourceTree = "<group>"; };
		6C0901FC2840C6A3002B1243 /* Info.plist */ = {isa = PBXFileReference; lastKnownFileType = text.plist.xml; path = Info.plist; sourceTree = "<group>"; };
		6C0902012840C6A4002B1243 /* NYTimesNewsTests.xctest */ = {isa = PBXFileReference; explicitFileType = wrapper.cfbundle; includeInIndex = 0; path = NYTimesNewsTests.xctest; sourceTree = BUILT_PRODUCTS_DIR; };
		6C0902052840C6A4002B1243 /* NYTimesNewsTests.swift */ = {isa = PBXFileReference; lastKnownFileType = sourcecode.swift; path = NYTimesNewsTests.swift; sourceTree = "<group>"; };
		6C09020B2840C6A4002B1243 /* NYTimesNewsUITests.xctest */ = {isa = PBXFileReference; explicitFileType = wrapper.cfbundle; includeInIndex = 0; path = NYTimesNewsUITests.xctest; sourceTree = BUILT_PRODUCTS_DIR; };
		6C09020F2840C6A4002B1243 /* NYTimesNewsUITests.swift */ = {isa = PBXFileReference; lastKnownFileType = sourcecode.swift; path = NYTimesNewsUITests.swift; sourceTree = "<group>"; };
		6C0902112840C6A4002B1243 /* NYTimesNewsUITestsLaunchTests.swift */ = {isa = PBXFileReference; lastKnownFileType = sourcecode.swift; path = NYTimesNewsUITestsLaunchTests.swift; sourceTree = "<group>"; };
		6C80823C28448AD8001943F7 /* NYTimesNewsApi.framework */ = {isa = PBXFileReference; explicitFileType = wrapper.framework; path = NYTimesNewsApi.framework; sourceTree = BUILT_PRODUCTS_DIR; };
		6C80823E28448AFB001943F7 /* NYTimesNewsApi.framework */ = {isa = PBXFileReference; explicitFileType = wrapper.framework; path = NYTimesNewsApi.framework; sourceTree = BUILT_PRODUCTS_DIR; };
		6C8082622845B4AE001943F7 /* NewsListPresenter.swift */ = {isa = PBXFileReference; lastKnownFileType = sourcecode.swift; path = NewsListPresenter.swift; sourceTree = "<group>"; };
		6C8082642845B4AE001943F7 /* NewsListRouter.swift */ = {isa = PBXFileReference; lastKnownFileType = sourcecode.swift; path = NewsListRouter.swift; sourceTree = "<group>"; };
		6C8082652845B4AE001943F7 /* NewsListModels.swift */ = {isa = PBXFileReference; lastKnownFileType = sourcecode.swift; path = NewsListModels.swift; sourceTree = "<group>"; };
		6C8082662845B4AE001943F7 /* NewsListViewController.swift */ = {isa = PBXFileReference; lastKnownFileType = sourcecode.swift; path = NewsListViewController.swift; sourceTree = "<group>"; };
		6C8082672845B4AE001943F7 /* NewsListInteractor.swift */ = {isa = PBXFileReference; lastKnownFileType = sourcecode.swift; path = NewsListInteractor.swift; sourceTree = "<group>"; };
		6C8082702845CD2A001943F7 /* Constants.swift */ = {isa = PBXFileReference; lastKnownFileType = sourcecode.swift; path = Constants.swift; sourceTree = "<group>"; };
		6CE86F632846F5A2004D5AA5 /* AppConstantsTests.swift */ = {isa = PBXFileReference; lastKnownFileType = sourcecode.swift; path = AppConstantsTests.swift; sourceTree = "<group>"; };
		6CE86F672846F6A5004D5AA5 /* MockNewsApiService.swift */ = {isa = PBXFileReference; lastKnownFileType = sourcecode.swift; path = MockNewsApiService.swift; sourceTree = "<group>"; };
		6CE86F6C2846F8CC004D5AA5 /* top_news_valid_response.json */ = {isa = PBXFileReference; fileEncoding = 4; lastKnownFileType = text.json; path = top_news_valid_response.json; sourceTree = "<group>"; };
		6CE86F6F2846FBD6004D5AA5 /* NewsListInteractorTests.swift */ = {isa = PBXFileReference; lastKnownFileType = sourcecode.swift; path = NewsListInteractorTests.swift; sourceTree = "<group>"; };
		6CE86F712846FD14004D5AA5 /* MockNewsListPresenter.swift */ = {isa = PBXFileReference; lastKnownFileType = sourcecode.swift; path = MockNewsListPresenter.swift; sourceTree = "<group>"; };
		6CE86F73284704AE004D5AA5 /* NewsListViewControllerTests.swift */ = {isa = PBXFileReference; lastKnownFileType = sourcecode.swift; path = NewsListViewControllerTests.swift; sourceTree = "<group>"; };
		6CE86F75284707C8004D5AA5 /* MockNewsListInteractor.swift */ = {isa = PBXFileReference; lastKnownFileType = sourcecode.swift; path = MockNewsListInteractor.swift; sourceTree = "<group>"; };
		6CE86F78284734F2004D5AA5 /* en */ = {isa = PBXFileReference; lastKnownFileType = text.plist.strings; name = en; path = en.lproj/Main.strings; sourceTree = "<group>"; };
		6CE86F7C28473645004D5AA5 /* en */ = {isa = PBXFileReference; lastKnownFileType = text.plist.strings; name = en; path = en.lproj/Localizable.strings; sourceTree = "<group>"; };
		6CE86F7E284739CB004D5AA5 /* MockNewsListViewController.swift */ = {isa = PBXFileReference; lastKnownFileType = sourcecode.swift; path = MockNewsListViewController.swift; sourceTree = "<group>"; };
		6CE86F8028473B4C004D5AA5 /* NewsListPresenterTests.swift */ = {isa = PBXFileReference; lastKnownFileType = sourcecode.swift; path = NewsListPresenterTests.swift; sourceTree = "<group>"; };
		6CE86F8228474DD8004D5AA5 /* NewsTableViewCell.swift */ = {isa = PBXFileReference; lastKnownFileType = sourcecode.swift; path = NewsTableViewCell.swift; sourceTree = "<group>"; };
/* End PBXFileReference section */

/* Begin PBXFrameworksBuildPhase section */
		6C0901E82840C6A1002B1243 /* Frameworks */ = {
			isa = PBXFrameworksBuildPhase;
			buildActionMask = 2147483647;
			files = (
				6CE86FF22847CD3C004D5AA5 /* SDWebImage in Frameworks */,
				6C80823F28448AFB001943F7 /* NYTimesNewsApi.framework in Frameworks */,
			);
			runOnlyForDeploymentPostprocessing = 0;
		};
		6C0901FE2840C6A4002B1243 /* Frameworks */ = {
			isa = PBXFrameworksBuildPhase;
			buildActionMask = 2147483647;
			files = (
			);
			runOnlyForDeploymentPostprocessing = 0;
		};
		6C0902082840C6A4002B1243 /* Frameworks */ = {
			isa = PBXFrameworksBuildPhase;
			buildActionMask = 2147483647;
			files = (
			);
			runOnlyForDeploymentPostprocessing = 0;
		};
/* End PBXFrameworksBuildPhase section */

/* Begin PBXGroup section */
		6C0901E22840C6A1002B1243 = {
			isa = PBXGroup;
			children = (
				6C0901ED2840C6A1002B1243 /* NYTimesNews */,
				6C0902042840C6A4002B1243 /* NYTimesNewsTests */,
				6C09020E2840C6A4002B1243 /* NYTimesNewsUITests */,
				6C0901EC2840C6A1002B1243 /* Products */,
				6C80823B28448AD8001943F7 /* Frameworks */,
			);
			sourceTree = "<group>";
		};
		6C0901EC2840C6A1002B1243 /* Products */ = {
			isa = PBXGroup;
			children = (
				6C0901EB2840C6A1002B1243 /* NYTimesNews.app */,
				6C0902012840C6A4002B1243 /* NYTimesNewsTests.xctest */,
				6C09020B2840C6A4002B1243 /* NYTimesNewsUITests.xctest */,
			);
			name = Products;
			sourceTree = "<group>";
		};
		6C0901ED2840C6A1002B1243 /* NYTimesNews */ = {
			isa = PBXGroup;
			children = (
				6C80826F2845B4C5001943F7 /* Scenes */,
				6C0901EE2840C6A1002B1243 /* AppDelegate.swift */,
				6C8082702845CD2A001943F7 /* Constants.swift */,
				6C0901F02840C6A1002B1243 /* SceneDelegate.swift */,
				6C0901F22840C6A1002B1243 /* ViewController.swift */,
				6C0901F42840C6A1002B1243 /* Main.storyboard */,
				6C0901F72840C6A3002B1243 /* Assets.xcassets */,
				6C0901F92840C6A3002B1243 /* LaunchScreen.storyboard */,
				6CE86F7D28473645004D5AA5 /* Localizable.strings */,
				6C0901FC2840C6A3002B1243 /* Info.plist */,
			);
			path = NYTimesNews;
			sourceTree = "<group>";
		};
		6C0902042840C6A4002B1243 /* NYTimesNewsTests */ = {
			isa = PBXGroup;
			children = (
				6CE86F6E2846FB87004D5AA5 /* Mocks */,
				6C0902052840C6A4002B1243 /* NYTimesNewsTests.swift */,
				6CE86F6F2846FBD6004D5AA5 /* NewsListInteractorTests.swift */,
				6CE86F73284704AE004D5AA5 /* NewsListViewControllerTests.swift */,
				6CE86F632846F5A2004D5AA5 /* AppConstantsTests.swift */,
				6CE86F8028473B4C004D5AA5 /* NewsListPresenterTests.swift */,
			);
			path = NYTimesNewsTests;
			sourceTree = "<group>";
		};
		6C09020E2840C6A4002B1243 /* NYTimesNewsUITests */ = {
			isa = PBXGroup;
			children = (
				6C09020F2840C6A4002B1243 /* NYTimesNewsUITests.swift */,
				6C0902112840C6A4002B1243 /* NYTimesNewsUITestsLaunchTests.swift */,
			);
			path = NYTimesNewsUITests;
			sourceTree = "<group>";
		};
		6C80823B28448AD8001943F7 /* Frameworks */ = {
			isa = PBXGroup;
			children = (
				6C80823E28448AFB001943F7 /* NYTimesNewsApi.framework */,
				6C80823C28448AD8001943F7 /* NYTimesNewsApi.framework */,
			);
			name = Frameworks;
			sourceTree = "<group>";
		};
		6C80826E2845B4B6001943F7 /* NewsList */ = {
			isa = PBXGroup;
			children = (
				6C8082622845B4AE001943F7 /* NewsListPresenter.swift */,
				6C8082642845B4AE001943F7 /* NewsListRouter.swift */,
				6C8082652845B4AE001943F7 /* NewsListModels.swift */,
				6C8082662845B4AE001943F7 /* NewsListViewController.swift */,
				6CE86F8228474DD8004D5AA5 /* NewsTableViewCell.swift */,
				6C8082672845B4AE001943F7 /* NewsListInteractor.swift */,
			);
			path = NewsList;
			sourceTree = "<group>";
		};
		6C80826F2845B4C5001943F7 /* Scenes */ = {
			isa = PBXGroup;
			children = (
				6C80826E2845B4B6001943F7 /* NewsList */,
			);
			path = Scenes;
			sourceTree = "<group>";
		};
		6CE86F6B2846F8CC004D5AA5 /* MockData */ = {
			isa = PBXGroup;
			children = (
				6CE86F6C2846F8CC004D5AA5 /* top_news_valid_response.json */,
			);
			path = MockData;
			sourceTree = "<group>";
		};
		6CE86F6E2846FB87004D5AA5 /* Mocks */ = {
			isa = PBXGroup;
			children = (
				6CE86F6B2846F8CC004D5AA5 /* MockData */,
				6CE86F672846F6A5004D5AA5 /* MockNewsApiService.swift */,
				6CE86F712846FD14004D5AA5 /* MockNewsListPresenter.swift */,
				6CE86F75284707C8004D5AA5 /* MockNewsListInteractor.swift */,
				6CE86F7E284739CB004D5AA5 /* MockNewsListViewController.swift */,
			);
			path = Mocks;
			sourceTree = "<group>";
		};
/* End PBXGroup section */

/* Begin PBXNativeTarget section */
		6C0901EA2840C6A1002B1243 /* NYTimesNews */ = {
			isa = PBXNativeTarget;
			buildConfigurationList = 6C0902152840C6A4002B1243 /* Build configuration list for PBXNativeTarget "NYTimesNews" */;
			buildPhases = (
				6C0901E72840C6A1002B1243 /* Sources */,
				6C0901E82840C6A1002B1243 /* Frameworks */,
				6C0901E92840C6A1002B1243 /* Resources */,
				6C09021E2840E4D6002B1243 /* Swiftlint */,
				6C80824128448AFC001943F7 /* Embed Frameworks */,
			);
			buildRules = (
			);
			dependencies = (
			);
			name = NYTimesNews;
			packageProductDependencies = (
				6CE86FF12847CD3C004D5AA5 /* SDWebImage */,
			);
			productName = NYTimesNews;
			productReference = 6C0901EB2840C6A1002B1243 /* NYTimesNews.app */;
			productType = "com.apple.product-type.application";
		};
		6C0902002840C6A4002B1243 /* NYTimesNewsTests */ = {
			isa = PBXNativeTarget;
			buildConfigurationList = 6C0902182840C6A4002B1243 /* Build configuration list for PBXNativeTarget "NYTimesNewsTests" */;
			buildPhases = (
				6C0901FD2840C6A4002B1243 /* Sources */,
				6C0901FE2840C6A4002B1243 /* Frameworks */,
				6C0901FF2840C6A4002B1243 /* Resources */,
			);
			buildRules = (
			);
			dependencies = (
				6C0902032840C6A4002B1243 /* PBXTargetDependency */,
			);
			name = NYTimesNewsTests;
			productName = NYTimesNewsTests;
			productReference = 6C0902012840C6A4002B1243 /* NYTimesNewsTests.xctest */;
			productType = "com.apple.product-type.bundle.unit-test";
		};
		6C09020A2840C6A4002B1243 /* NYTimesNewsUITests */ = {
			isa = PBXNativeTarget;
			buildConfigurationList = 6C09021B2840C6A4002B1243 /* Build configuration list for PBXNativeTarget "NYTimesNewsUITests" */;
			buildPhases = (
				6C0902072840C6A4002B1243 /* Sources */,
				6C0902082840C6A4002B1243 /* Frameworks */,
				6C0902092840C6A4002B1243 /* Resources */,
			);
			buildRules = (
			);
			dependencies = (
				6C09020D2840C6A4002B1243 /* PBXTargetDependency */,
			);
			name = NYTimesNewsUITests;
			productName = NYTimesNewsUITests;
			productReference = 6C09020B2840C6A4002B1243 /* NYTimesNewsUITests.xctest */;
			productType = "com.apple.product-type.bundle.ui-testing";
		};
/* End PBXNativeTarget section */

/* Begin PBXProject section */
		6C0901E32840C6A1002B1243 /* Project object */ = {
			isa = PBXProject;
			attributes = {
				BuildIndependentTargetsInParallel = 1;
				LastSwiftUpdateCheck = 1300;
				LastUpgradeCheck = 1300;
				TargetAttributes = {
					6C0901EA2840C6A1002B1243 = {
						CreatedOnToolsVersion = 13.0;
					};
					6C0902002840C6A4002B1243 = {
						CreatedOnToolsVersion = 13.0;
						TestTargetID = 6C0901EA2840C6A1002B1243;
					};
					6C09020A2840C6A4002B1243 = {
						CreatedOnToolsVersion = 13.0;
						TestTargetID = 6C0901EA2840C6A1002B1243;
					};
				};
			};
			buildConfigurationList = 6C0901E62840C6A1002B1243 /* Build configuration list for PBXProject "NYTimesNews" */;
			compatibilityVersion = "Xcode 13.0";
			developmentRegion = en;
			hasScannedForEncodings = 0;
			knownRegions = (
				en,
				Base,
			);
			mainGroup = 6C0901E22840C6A1002B1243;
			packageReferences = (
				6CE86FF02847CD3C004D5AA5 /* XCRemoteSwiftPackageReference "SDWebImage" */,
			);
			productRefGroup = 6C0901EC2840C6A1002B1243 /* Products */;
			projectDirPath = "";
			projectRoot = "";
			targets = (
				6C0901EA2840C6A1002B1243 /* NYTimesNews */,
				6C0902002840C6A4002B1243 /* NYTimesNewsTests */,
				6C09020A2840C6A4002B1243 /* NYTimesNewsUITests */,
			);
		};
/* End PBXProject section */

/* Begin PBXResourcesBuildPhase section */
		6C0901E92840C6A1002B1243 /* Resources */ = {
			isa = PBXResourcesBuildPhase;
			buildActionMask = 2147483647;
			files = (
				6C0901FB2840C6A3002B1243 /* LaunchScreen.storyboard in Resources */,
				6CE86F7B28473645004D5AA5 /* Localizable.strings in Resources */,
				6C0901F82840C6A3002B1243 /* Assets.xcassets in Resources */,
				6C0901F62840C6A1002B1243 /* Main.storyboard in Resources */,
			);
			runOnlyForDeploymentPostprocessing = 0;
		};
		6C0901FF2840C6A4002B1243 /* Resources */ = {
			isa = PBXResourcesBuildPhase;
			buildActionMask = 2147483647;
			files = (
				6CE86F6D2846F8CC004D5AA5 /* top_news_valid_response.json in Resources */,
			);
			runOnlyForDeploymentPostprocessing = 0;
		};
		6C0902092840C6A4002B1243 /* Resources */ = {
			isa = PBXResourcesBuildPhase;
			buildActionMask = 2147483647;
			files = (
			);
			runOnlyForDeploymentPostprocessing = 0;
		};
/* End PBXResourcesBuildPhase section */

/* Begin PBXShellScriptBuildPhase section */
		6C09021E2840E4D6002B1243 /* Swiftlint */ = {
			isa = PBXShellScriptBuildPhase;
			buildActionMask = 2147483647;
			files = (
			);
			inputFileListPaths = (
			);
			inputPaths = (
			);
			name = Swiftlint;
			outputFileListPaths = (
			);
			outputPaths = (
			);
			runOnlyForDeploymentPostprocessing = 0;
			shellPath = /bin/sh;
			shellScript = "SWIFTLINT_DIR=${SRCROOT}/swiftlint\n${SWIFTLINT_DIR}/swiftlint lint\n";
		};
/* End PBXShellScriptBuildPhase section */

/* Begin PBXSourcesBuildPhase section */
		6C0901E72840C6A1002B1243 /* Sources */ = {
			isa = PBXSourcesBuildPhase;
			buildActionMask = 2147483647;
			files = (
				6C0901F32840C6A1002B1243 /* ViewController.swift in Sources */,
				6C80826D2845B4AE001943F7 /* NewsListInteractor.swift in Sources */,
				6CE86F8328474DD8004D5AA5 /* NewsTableViewCell.swift in Sources */,
				6C0901EF2840C6A1002B1243 /* AppDelegate.swift in Sources */,
				6C0901F12840C6A1002B1243 /* SceneDelegate.swift in Sources */,
				6C80826A2845B4AE001943F7 /* NewsListRouter.swift in Sources */,
				6C8082712845CD2A001943F7 /* Constants.swift in Sources */,
				6C80826B2845B4AE001943F7 /* NewsListModels.swift in Sources */,
				6C8082682845B4AE001943F7 /* NewsListPresenter.swift in Sources */,
				6C80826C2845B4AE001943F7 /* NewsListViewController.swift in Sources */,
			);
			runOnlyForDeploymentPostprocessing = 0;
		};
		6C0901FD2840C6A4002B1243 /* Sources */ = {
			isa = PBXSourcesBuildPhase;
			buildActionMask = 2147483647;
			files = (
				6C0902062840C6A4002B1243 /* NYTimesNewsTests.swift in Sources */,
				6CE86F682846F6A5004D5AA5 /* MockNewsApiService.swift in Sources */,
				6CE86F642846F5A2004D5AA5 /* AppConstantsTests.swift in Sources */,
				6CE86F74284704AE004D5AA5 /* NewsListViewControllerTests.swift in Sources */,
				6CE86F8128473B4C004D5AA5 /* NewsListPresenterTests.swift in Sources */,
				6CE86F7F284739CB004D5AA5 /* MockNewsListViewController.swift in Sources */,
				6CE86F76284707C8004D5AA5 /* MockNewsListInteractor.swift in Sources */,
				6CE86F702846FBD6004D5AA5 /* NewsListInteractorTests.swift in Sources */,
				6CE86F722846FD14004D5AA5 /* MockNewsListPresenter.swift in Sources */,
			);
			runOnlyForDeploymentPostprocessing = 0;
		};
		6C0902072840C6A4002B1243 /* Sources */ = {
			isa = PBXSourcesBuildPhase;
			buildActionMask = 2147483647;
			files = (
				6C0902102840C6A4002B1243 /* NYTimesNewsUITests.swift in Sources */,
				6C0902122840C6A4002B1243 /* NYTimesNewsUITestsLaunchTests.swift in Sources */,
			);
			runOnlyForDeploymentPostprocessing = 0;
		};
/* End PBXSourcesBuildPhase section */

/* Begin PBXTargetDependency section */
		6C0902032840C6A4002B1243 /* PBXTargetDependency */ = {
			isa = PBXTargetDependency;
			target = 6C0901EA2840C6A1002B1243 /* NYTimesNews */;
			targetProxy = 6C0902022840C6A4002B1243 /* PBXContainerItemProxy */;
		};
		6C09020D2840C6A4002B1243 /* PBXTargetDependency */ = {
			isa = PBXTargetDependency;
			target = 6C0901EA2840C6A1002B1243 /* NYTimesNews */;
			targetProxy = 6C09020C2840C6A4002B1243 /* PBXContainerItemProxy */;
		};
/* End PBXTargetDependency section */

/* Begin PBXVariantGroup section */
		6C0901F42840C6A1002B1243 /* Main.storyboard */ = {
			isa = PBXVariantGroup;
			children = (
				6C0901F52840C6A1002B1243 /* Base */,
				6CE86F78284734F2004D5AA5 /* en */,
			);
			name = Main.storyboard;
			sourceTree = "<group>";
		};
		6C0901F92840C6A3002B1243 /* LaunchScreen.storyboard */ = {
			isa = PBXVariantGroup;
			children = (
				6C0901FA2840C6A3002B1243 /* Base */,
			);
			name = LaunchScreen.storyboard;
			sourceTree = "<group>";
		};
		6CE86F7D28473645004D5AA5 /* Localizable.strings */ = {
			isa = PBXVariantGroup;
			children = (
				6CE86F7C28473645004D5AA5 /* en */,
			);
			name = Localizable.strings;
			sourceTree = "<group>";
		};
/* End PBXVariantGroup section */

/* Begin XCBuildConfiguration section */
		6C0902132840C6A4002B1243 /* Debug */ = {
			isa = XCBuildConfiguration;
			buildSettings = {
				ALWAYS_SEARCH_USER_PATHS = NO;
				CLANG_ANALYZER_NONNULL = YES;
				CLANG_ANALYZER_NUMBER_OBJECT_CONVERSION = YES_AGGRESSIVE;
				CLANG_CXX_LANGUAGE_STANDARD = "gnu++17";
				CLANG_CXX_LIBRARY = "libc++";
				CLANG_ENABLE_MODULES = YES;
				CLANG_ENABLE_OBJC_ARC = YES;
				CLANG_ENABLE_OBJC_WEAK = YES;
				CLANG_WARN_BLOCK_CAPTURE_AUTORELEASING = YES;
				CLANG_WARN_BOOL_CONVERSION = YES;
				CLANG_WARN_COMMA = YES;
				CLANG_WARN_CONSTANT_CONVERSION = YES;
				CLANG_WARN_DEPRECATED_OBJC_IMPLEMENTATIONS = YES;
				CLANG_WARN_DIRECT_OBJC_ISA_USAGE = YES_ERROR;
				CLANG_WARN_DOCUMENTATION_COMMENTS = YES;
				CLANG_WARN_EMPTY_BODY = YES;
				CLANG_WARN_ENUM_CONVERSION = YES;
				CLANG_WARN_INFINITE_RECURSION = YES;
				CLANG_WARN_INT_CONVERSION = YES;
				CLANG_WARN_NON_LITERAL_NULL_CONVERSION = YES;
				CLANG_WARN_OBJC_IMPLICIT_RETAIN_SELF = YES;
				CLANG_WARN_OBJC_LITERAL_CONVERSION = YES;
				CLANG_WARN_OBJC_ROOT_CLASS = YES_ERROR;
				CLANG_WARN_QUOTED_INCLUDE_IN_FRAMEWORK_HEADER = YES;
				CLANG_WARN_RANGE_LOOP_ANALYSIS = YES;
				CLANG_WARN_STRICT_PROTOTYPES = YES;
				CLANG_WARN_SUSPICIOUS_MOVE = YES;
				CLANG_WARN_UNGUARDED_AVAILABILITY = YES_AGGRESSIVE;
				CLANG_WARN_UNREACHABLE_CODE = YES;
				CLANG_WARN__DUPLICATE_METHOD_MATCH = YES;
				COPY_PHASE_STRIP = NO;
				DEBUG_INFORMATION_FORMAT = dwarf;
				ENABLE_STRICT_OBJC_MSGSEND = YES;
				ENABLE_TESTABILITY = YES;
				GCC_C_LANGUAGE_STANDARD = gnu11;
				GCC_DYNAMIC_NO_PIC = NO;
				GCC_NO_COMMON_BLOCKS = YES;
				GCC_OPTIMIZATION_LEVEL = 0;
				GCC_PREPROCESSOR_DEFINITIONS = (
					"DEBUG=1",
					"$(inherited)",
				);
				GCC_WARN_64_TO_32_BIT_CONVERSION = YES;
				GCC_WARN_ABOUT_RETURN_TYPE = YES_ERROR;
				GCC_WARN_UNDECLARED_SELECTOR = YES;
				GCC_WARN_UNINITIALIZED_AUTOS = YES_AGGRESSIVE;
				GCC_WARN_UNUSED_FUNCTION = YES;
				GCC_WARN_UNUSED_VARIABLE = YES;
				IPHONEOS_DEPLOYMENT_TARGET = 13.0;
				MTL_ENABLE_DEBUG_INFO = INCLUDE_SOURCE;
				MTL_FAST_MATH = YES;
				ONLY_ACTIVE_ARCH = YES;
				SDKROOT = iphoneos;
				SWIFT_ACTIVE_COMPILATION_CONDITIONS = DEBUG;
				SWIFT_OPTIMIZATION_LEVEL = "-Onone";
			};
			name = Debug;
		};
		6C0902142840C6A4002B1243 /* Release */ = {
			isa = XCBuildConfiguration;
			buildSettings = {
				ALWAYS_SEARCH_USER_PATHS = NO;
				CLANG_ANALYZER_NONNULL = YES;
				CLANG_ANALYZER_NUMBER_OBJECT_CONVERSION = YES_AGGRESSIVE;
				CLANG_CXX_LANGUAGE_STANDARD = "gnu++17";
				CLANG_CXX_LIBRARY = "libc++";
				CLANG_ENABLE_MODULES = YES;
				CLANG_ENABLE_OBJC_ARC = YES;
				CLANG_ENABLE_OBJC_WEAK = YES;
				CLANG_WARN_BLOCK_CAPTURE_AUTORELEASING = YES;
				CLANG_WARN_BOOL_CONVERSION = YES;
				CLANG_WARN_COMMA = YES;
				CLANG_WARN_CONSTANT_CONVERSION = YES;
				CLANG_WARN_DEPRECATED_OBJC_IMPLEMENTATIONS = YES;
				CLANG_WARN_DIRECT_OBJC_ISA_USAGE = YES_ERROR;
				CLANG_WARN_DOCUMENTATION_COMMENTS = YES;
				CLANG_WARN_EMPTY_BODY = YES;
				CLANG_WARN_ENUM_CONVERSION = YES;
				CLANG_WARN_INFINITE_RECURSION = YES;
				CLANG_WARN_INT_CONVERSION = YES;
				CLANG_WARN_NON_LITERAL_NULL_CONVERSION = YES;
				CLANG_WARN_OBJC_IMPLICIT_RETAIN_SELF = YES;
				CLANG_WARN_OBJC_LITERAL_CONVERSION = YES;
				CLANG_WARN_OBJC_ROOT_CLASS = YES_ERROR;
				CLANG_WARN_QUOTED_INCLUDE_IN_FRAMEWORK_HEADER = YES;
				CLANG_WARN_RANGE_LOOP_ANALYSIS = YES;
				CLANG_WARN_STRICT_PROTOTYPES = YES;
				CLANG_WARN_SUSPICIOUS_MOVE = YES;
				CLANG_WARN_UNGUARDED_AVAILABILITY = YES_AGGRESSIVE;
				CLANG_WARN_UNREACHABLE_CODE = YES;
				CLANG_WARN__DUPLICATE_METHOD_MATCH = YES;
				COPY_PHASE_STRIP = NO;
				DEBUG_INFORMATION_FORMAT = "dwarf-with-dsym";
				ENABLE_NS_ASSERTIONS = NO;
				ENABLE_STRICT_OBJC_MSGSEND = YES;
				GCC_C_LANGUAGE_STANDARD = gnu11;
				GCC_NO_COMMON_BLOCKS = YES;
				GCC_WARN_64_TO_32_BIT_CONVERSION = YES;
				GCC_WARN_ABOUT_RETURN_TYPE = YES_ERROR;
				GCC_WARN_UNDECLARED_SELECTOR = YES;
				GCC_WARN_UNINITIALIZED_AUTOS = YES_AGGRESSIVE;
				GCC_WARN_UNUSED_FUNCTION = YES;
				GCC_WARN_UNUSED_VARIABLE = YES;
				IPHONEOS_DEPLOYMENT_TARGET = 13.0;
				MTL_ENABLE_DEBUG_INFO = NO;
				MTL_FAST_MATH = YES;
				SDKROOT = iphoneos;
				SWIFT_COMPILATION_MODE = wholemodule;
				SWIFT_OPTIMIZATION_LEVEL = "-O";
				VALIDATE_PRODUCT = YES;
			};
			name = Release;
		};
		6C0902162840C6A4002B1243 /* Debug */ = {
			isa = XCBuildConfiguration;
			buildSettings = {
				ASSETCATALOG_COMPILER_APPICON_NAME = AppIcon;
				ASSETCATALOG_COMPILER_GLOBAL_ACCENT_COLOR_NAME = AccentColor;
				CODE_SIGN_STYLE = Automatic;
				CURRENT_PROJECT_VERSION = 1;
				GENERATE_INFOPLIST_FILE = YES;
				INFOPLIST_FILE = NYTimesNews/Info.plist;
				INFOPLIST_KEY_UIApplicationSupportsIndirectInputEvents = YES;
				INFOPLIST_KEY_UILaunchStoryboardName = LaunchScreen;
				INFOPLIST_KEY_UIMainStoryboardFile = Main;
				INFOPLIST_KEY_UISupportedInterfaceOrientations_iPad = "UIInterfaceOrientationPortrait UIInterfaceOrientationPortraitUpsideDown UIInterfaceOrientationLandscapeLeft UIInterfaceOrientationLandscapeRight";
				INFOPLIST_KEY_UISupportedInterfaceOrientations_iPhone = "UIInterfaceOrientationPortrait UIInterfaceOrientationLandscapeLeft UIInterfaceOrientationLandscapeRight";
				LD_RUNPATH_SEARCH_PATHS = (
					"$(inherited)",
					"@executable_path/Frameworks",
				);
				MARKETING_VERSION = 1.0;
				PRODUCT_BUNDLE_IDENTIFIER = com.balaji.NYTimesNews;
				PRODUCT_NAME = "$(TARGET_NAME)";
				SWIFT_EMIT_LOC_STRINGS = YES;
				SWIFT_VERSION = 5.0;
				TARGETED_DEVICE_FAMILY = "1,2";
			};
			name = Debug;
		};
		6C0902172840C6A4002B1243 /* Release */ = {
			isa = XCBuildConfiguration;
			buildSettings = {
				ASSETCATALOG_COMPILER_APPICON_NAME = AppIcon;
				ASSETCATALOG_COMPILER_GLOBAL_ACCENT_COLOR_NAME = AccentColor;
				CODE_SIGN_STYLE = Automatic;
				CURRENT_PROJECT_VERSION = 1;
				GENERATE_INFOPLIST_FILE = YES;
				INFOPLIST_FILE = NYTimesNews/Info.plist;
				INFOPLIST_KEY_UIApplicationSupportsIndirectInputEvents = YES;
				INFOPLIST_KEY_UILaunchStoryboardName = LaunchScreen;
				INFOPLIST_KEY_UIMainStoryboardFile = Main;
				INFOPLIST_KEY_UISupportedInterfaceOrientations_iPad = "UIInterfaceOrientationPortrait UIInterfaceOrientationPortraitUpsideDown UIInterfaceOrientationLandscapeLeft UIInterfaceOrientationLandscapeRight";
				INFOPLIST_KEY_UISupportedInterfaceOrientations_iPhone = "UIInterfaceOrientationPortrait UIInterfaceOrientationLandscapeLeft UIInterfaceOrientationLandscapeRight";
				LD_RUNPATH_SEARCH_PATHS = (
					"$(inherited)",
					"@executable_path/Frameworks",
				);
				MARKETING_VERSION = 1.0;
				PRODUCT_BUNDLE_IDENTIFIER = com.balaji.NYTimesNews;
				PRODUCT_NAME = "$(TARGET_NAME)";
				SWIFT_EMIT_LOC_STRINGS = YES;
				SWIFT_VERSION = 5.0;
				TARGETED_DEVICE_FAMILY = "1,2";
			};
			name = Release;
		};
		6C0902192840C6A4002B1243 /* Debug */ = {
			isa = XCBuildConfiguration;
			buildSettings = {
				ALWAYS_EMBED_SWIFT_STANDARD_LIBRARIES = YES;
				BUNDLE_LOADER = "$(TEST_HOST)";
				CODE_SIGN_STYLE = Automatic;
				CURRENT_PROJECT_VERSION = 1;
				GENERATE_INFOPLIST_FILE = YES;
				IPHONEOS_DEPLOYMENT_TARGET = 15.0;
				LD_RUNPATH_SEARCH_PATHS = (
					"$(inherited)",
					"@executable_path/Frameworks",
					"@loader_path/Frameworks",
				);
				MARKETING_VERSION = 1.0;
				PRODUCT_BUNDLE_IDENTIFIER = com.balaji.NYTimesNewsTests;
				PRODUCT_NAME = "$(TARGET_NAME)";
				SWIFT_EMIT_LOC_STRINGS = NO;
				SWIFT_VERSION = 5.0;
				TARGETED_DEVICE_FAMILY = "1,2";
				TEST_HOST = "$(BUILT_PRODUCTS_DIR)/NYTimesNews.app/NYTimesNews";
			};
			name = Debug;
		};
		6C09021A2840C6A4002B1243 /* Release */ = {
			isa = XCBuildConfiguration;
			buildSettings = {
				ALWAYS_EMBED_SWIFT_STANDARD_LIBRARIES = YES;
				BUNDLE_LOADER = "$(TEST_HOST)";
				CODE_SIGN_STYLE = Automatic;
				CURRENT_PROJECT_VERSION = 1;
				GENERATE_INFOPLIST_FILE = YES;
				IPHONEOS_DEPLOYMENT_TARGET = 15.0;
				LD_RUNPATH_SEARCH_PATHS = (
					"$(inherited)",
					"@executable_path/Frameworks",
					"@loader_path/Frameworks",
				);
				MARKETING_VERSION = 1.0;
				PRODUCT_BUNDLE_IDENTIFIER = com.balaji.NYTimesNewsTests;
				PRODUCT_NAME = "$(TARGET_NAME)";
				SWIFT_EMIT_LOC_STRINGS = NO;
				SWIFT_VERSION = 5.0;
				TARGETED_DEVICE_FAMILY = "1,2";
				TEST_HOST = "$(BUILT_PRODUCTS_DIR)/NYTimesNews.app/NYTimesNews";
			};
			name = Release;
		};
		6C09021C2840C6A4002B1243 /* Debug */ = {
			isa = XCBuildConfiguration;
			buildSettings = {
				ALWAYS_EMBED_SWIFT_STANDARD_LIBRARIES = YES;
				CODE_SIGN_STYLE = Automatic;
				CURRENT_PROJECT_VERSION = 1;
				GENERATE_INFOPLIST_FILE = YES;
				LD_RUNPATH_SEARCH_PATHS = (
					"$(inherited)",
					"@executable_path/Frameworks",
					"@loader_path/Frameworks",
				);
				MARKETING_VERSION = 1.0;
				PRODUCT_BUNDLE_IDENTIFIER = com.balaji.NYTimesNewsUITests;
				PRODUCT_NAME = "$(TARGET_NAME)";
				SWIFT_EMIT_LOC_STRINGS = NO;
				SWIFT_VERSION = 5.0;
				TARGETED_DEVICE_FAMILY = "1,2";
				TEST_TARGET_NAME = NYTimesNews;
			};
			name = Debug;
		};
		6C09021D2840C6A4002B1243 /* Release */ = {
			isa = XCBuildConfiguration;
			buildSettings = {
				ALWAYS_EMBED_SWIFT_STANDARD_LIBRARIES = YES;
				CODE_SIGN_STYLE = Automatic;
				CURRENT_PROJECT_VERSION = 1;
				GENERATE_INFOPLIST_FILE = YES;
				LD_RUNPATH_SEARCH_PATHS = (
					"$(inherited)",
					"@executable_path/Frameworks",
					"@loader_path/Frameworks",
				);
				MARKETING_VERSION = 1.0;
				PRODUCT_BUNDLE_IDENTIFIER = com.balaji.NYTimesNewsUITests;
				PRODUCT_NAME = "$(TARGET_NAME)";
				SWIFT_EMIT_LOC_STRINGS = NO;
				SWIFT_VERSION = 5.0;
				TARGETED_DEVICE_FAMILY = "1,2";
				TEST_TARGET_NAME = NYTimesNews;
			};
			name = Release;
		};
/* End XCBuildConfiguration section */

/* Begin XCConfigurationList section */
		6C0901E62840C6A1002B1243 /* Build configuration list for PBXProject "NYTimesNews" */ = {
			isa = XCConfigurationList;
			buildConfigurations = (
				6C0902132840C6A4002B1243 /* Debug */,
				6C0902142840C6A4002B1243 /* Release */,
			);
			defaultConfigurationIsVisible = 0;
			defaultConfigurationName = Release;
		};
		6C0902152840C6A4002B1243 /* Build configuration list for PBXNativeTarget "NYTimesNews" */ = {
			isa = XCConfigurationList;
			buildConfigurations = (
				6C0902162840C6A4002B1243 /* Debug */,
				6C0902172840C6A4002B1243 /* Release */,
			);
			defaultConfigurationIsVisible = 0;
			defaultConfigurationName = Release;
		};
		6C0902182840C6A4002B1243 /* Build configuration list for PBXNativeTarget "NYTimesNewsTests" */ = {
			isa = XCConfigurationList;
			buildConfigurations = (
				6C0902192840C6A4002B1243 /* Debug */,
				6C09021A2840C6A4002B1243 /* Release */,
			);
			defaultConfigurationIsVisible = 0;
			defaultConfigurationName = Release;
		};
		6C09021B2840C6A4002B1243 /* Build configuration list for PBXNativeTarget "NYTimesNewsUITests" */ = {
			isa = XCConfigurationList;
			buildConfigurations = (
				6C09021C2840C6A4002B1243 /* Debug */,
				6C09021D2840C6A4002B1243 /* Release */,
			);
			defaultConfigurationIsVisible = 0;
			defaultConfigurationName = Release;
		};
/* End XCConfigurationList section */

/* Begin XCRemoteSwiftPackageReference section */
		6CE86FF02847CD3C004D5AA5 /* XCRemoteSwiftPackageReference "SDWebImage" */ = {
			isa = XCRemoteSwiftPackageReference;
			repositoryURL = "https://github.com/SDWebImage/SDWebImage";
			requirement = {
				branch = master;
				kind = branch;
			};
		};
/* End XCRemoteSwiftPackageReference section */

/* Begin XCSwiftPackageProductDependency section */
		6CE86FF12847CD3C004D5AA5 /* SDWebImage */ = {
			isa = XCSwiftPackageProductDependency;
			package = 6CE86FF02847CD3C004D5AA5 /* XCRemoteSwiftPackageReference "SDWebImage" */;
			productName = SDWebImage;
		};
/* End XCSwiftPackageProductDependency section */
	};
	rootObject = 6C0901E32840C6A1002B1243 /* Project object */;
}
